PODS:
  - Bolts (1.9.0):
    - Bolts/AppLinks (= 1.9.0)
    - Bolts/Tasks (= 1.9.0)
  - Bolts/AppLinks (1.9.0):
    - Bolts/Tasks
  - Bolts/Tasks (1.9.0)
  - Crashlytics (3.14.0):
    - Fabric (~> 1.10.2)
  - Fabric (1.10.2)
  - ObjectiveDropboxOfficial (3.10.0)

DEPENDENCIES:
  - Bolts
  - Crashlytics
  - Fabric
  - ObjectiveDropboxOfficial

SPEC REPOS:
  trunk:
    - Bolts
    - Crashlytics
    - Fabric
    - ObjectiveDropboxOfficial

SPEC CHECKSUMS:
  Bolts: ac6567323eac61e203f6a9763667d0f711be34c8
  Crashlytics: 540b7e5f5da5a042647227a5e3ac51d85eed06df
  Fabric: 706c8b8098fff96c33c0db69cbf81f9c551d0d74
  ObjectiveDropboxOfficial: 19a4913d4d52fba035d41f40da71df0d6b303327

PODFILE CHECKSUM: 939e6076adad0d1b25f42ea8dd683c6dacffafa8

COCOAPODS: 1.8.4
